{
  "name": "nbb-deps-repro",
  "lockfileVersion": 2,
  "requires": true,
  "packages": {
    "": {
      "dependencies": {
        "nbb": "1.0.139"
      }
    },
    "node_modules/import-meta-resolve": {
      "version": "2.1.0",
      "resolved": "https://registry.npmjs.org/import-meta-resolve/-/import-meta-resolve-2.1.0.tgz",
      "integrity": "sha512-yG9pxkWJVTy4cmRsNWE3ztFdtFuYIV8G4N+cbCkO8b+qngkLyIUhxQFuZ0qJm67+0nUOxjMPT7nfksPKza1v2g==",
      "funding": {
        "type": "github",
        "url": "https://github.com/sponsors/wooorm"
      }
    },
    "node_modules/nbb": {
      "version": "1.0.139",
      "resolved": "https://registry.npmjs.org/nbb/-/nbb-1.0.139.tgz",
      "integrity": "sha512-4ZNGedw8m3BVjoC4s9XXSjrr5UX8FVxH/mK8S58M911twzAVqwRFJkmNDpen7zeZOL+5J6SP5d25nvO4IIEOew==",
      "dependencies": {
        "import-meta-resolve": "^2.1.0"
      },
      "bin": {
        "nbb": "cli.js",
        "nbbun": "nbbun.js"
      }
    }
  },
  "dependencies": {
    "import-meta-resolve": {
      "version": "2.1.0",
      "resolved": "https://registry.npmjs.org/import-meta-resolve/-/import-meta-resolve-2.1.0.tgz",
      "integrity": "sha512-yG9pxkWJVTy4cmRsNWE3ztFdtFuYIV8G4N+cbCkO8b+qngkLyIUhxQFuZ0qJm67+0nUOxjMPT7nfksPKza1v2g=="
    },
    "nbb": {
      "version": "1.0.139",
      "resolved": "https://registry.npmjs.org/nbb/-/nbb-1.0.139.tgz",
      "integrity": "sha512-4ZNGedw8m3BVjoC4s9XXSjrr5UX8FVxH/mK8S58M911twzAVqwRFJkmNDpen7zeZOL+5J6SP5d25nvO4IIEOew==",
      "requires": {
        "import-meta-resolve": "^2.1.0"
      }
    }
  }
}
